
Microsoft Visual Studio Solution File, Format Version 11.00
# Visual Studio 2010
Project("{FAE04EC0-301F-11D3-BF4B-00C04F79EFBC}") = "XMVC", "XMVC\XMVC.csproj", "{6A6124F1-D747-45D5-9E42-CE3B97C7F636}"
EndProject
Global
	GlobalSection(SolutionConfigurationPlatforms) = preSolution
		Debug|Any CPU = Debug|Any CPU
		Release|Any CPU = Release|Any CPU
	EndGlobalSection
	GlobalSection(ProjectConfigurationPlatforms) = postSolution
		{6A6124F1-D747-45D5-9E42-CE3B97C7F636}.Debug|Any CPU.ActiveCfg = Debug|Any CPU
		{6A6124F1-D747-45D5-9E42-CE3B97C7F636}.Debug|Any CPU.Build.0 = Debug|Any CPU
		{6A6124F1-D747-45D5-9E42-CE3B97C7F636}.Release|Any CPU.ActiveCfg = Release|Any CPU
		{6A6124F1-D747-45D5-9E42-CE3B97C7F636}.Release|Any CPU.Build.0 = Release|Any CPU
	EndGlobalSection
	GlobalSection(MonoDevelopProperties) = preSolution
		StartupItem = XMVC\XMVC.csproj
	EndGlobalSection
EndGlobal
